
Microsoft Visual Studio Solution File, Format Version 12.00
# Visual Studio 2012
Project("{FAE04EC0-301F-11D3-BF4B-00C04F79EFBC}") = "YuanXinWeb", "YuanXinWeb\YuanXinWeb.csproj", "{FDAEEE0F-8493-423F-9A6F-E8EB5D4046D4}"
EndProject
Project("{FAE04EC0-301F-11D3-BF4B-00C04F79EFBC}") = "YuanXinWebMVCTest", "YuanXinWebMVCTest\YuanXinWebMVCTest.csproj", "{B3DDCF39-7289-4C7D-BE73-1B3D4656BFF8}"
EndProject
Global
	GlobalSection(SolutionConfigurationPlatforms) = preSolution
		Debug|Any CPU = Debug|Any CPU
		Release|Any CPU = Release|Any CPU
	EndGlobalSection
	GlobalSection(ProjectConfigurationPlatforms) = postSolution
		{FDAEEE0F-8493-423F-9A6F-E8EB5D4046D4}.Debug|Any CPU.ActiveCfg = Debug|Any CPU
		{FDAEEE0F-8493-423F-9A6F-E8EB5D4046D4}.Debug|Any CPU.Build.0 = Debug|Any CPU
		{FDAEEE0F-8493-423F-9A6F-E8EB5D4046D4}.Release|Any CPU.ActiveCfg = Release|Any CPU
		{FDAEEE0F-8493-423F-9A6F-E8EB5D4046D4}.Release|Any CPU.Build.0 = Release|Any CPU
		{B3DDCF39-7289-4C7D-BE73-1B3D4656BFF8}.Debug|Any CPU.ActiveCfg = Debug|Any CPU
		{B3DDCF39-7289-4C7D-BE73-1B3D4656BFF8}.Debug|Any CPU.Build.0 = Debug|Any CPU
		{B3DDCF39-7289-4C7D-BE73-1B3D4656BFF8}.Release|Any CPU.ActiveCfg = Release|Any CPU
		{B3DDCF39-7289-4C7D-BE73-1B3D4656BFF8}.Release|Any CPU.Build.0 = Release|Any CPU
	EndGlobalSection
	GlobalSection(SolutionProperties) = preSolution
		HideSolutionNode = FALSE
	EndGlobalSection
EndGlobal
